
Microsoft Visual Studio Solution File, Format Version 12.00
# Visual Studio Version 17
VisualStudioVersion = 17.0.31912.275
MinimumVisualStudioVersion = 10.0.40219.1
Project("{9A19103F-16F7-4668-BE54-9A1E7A4F7556}") = "Shop.Entities", "Shop.Entities\Shop.Entities.csproj", "{2F327028-C6D6-41E6-B120-600E9DCA2376}"
EndProject
Project("{9A19103F-16F7-4668-BE54-9A1E7A4F7556}") = "Shop.Services", "Shop.Services\Shop.Services.csproj", "{6A520729-80E8-4611-9A70-502F53C54AFC}"
EndProject
Project("{9A19103F-16F7-4668-BE54-9A1E7A4F7556}") = "Shop.Persistence.EF", "Shop.Persistence.EF\Shop.Persistence.EF.csproj", "{58678303-696D-44C0-9AC4-D4AB52DFB103}"
EndProject
Project("{9A19103F-16F7-4668-BE54-9A1E7A4F7556}") = "Shop.RestApi", "Shop.RestApi\Shop.RestApi.csproj", "{4BEF2543-2818-4AE2-90BC-88DCBB9AE88B}"
EndProject
Project("{9A19103F-16F7-4668-BE54-9A1E7A4F7556}") = "Shop.Migrations", "Shop.Migrations\Shop.Migrations.csproj", "{9E6EEF84-0FCC-46C8-808E-8793C04A4136}"
EndProject
Project("{FAE04EC0-301F-11D3-BF4B-00C04F79EFBC}") = "Shop.Infrastructures", "Shop.Infrastructures\Shop.Infrastructures.csproj", "{1C7BEAC6-F9DE-4BB8-886B-4295916A9136}"
EndProject
Global
	GlobalSection(SolutionConfigurationPlatforms) = preSolution
		Debug|Any CPU = Debug|Any CPU
		Release|Any CPU = Release|Any CPU
	EndGlobalSection
	GlobalSection(ProjectConfigurationPlatforms) = postSolution
		{2F327028-C6D6-41E6-B120-600E9DCA2376}.Debug|Any CPU.ActiveCfg = Debug|Any CPU
		{2F327028-C6D6-41E6-B120-600E9DCA2376}.Debug|Any CPU.Build.0 = Debug|Any CPU
		{2F327028-C6D6-41E6-B120-600E9DCA2376}.Release|Any CPU.ActiveCfg = Release|Any CPU
		{2F327028-C6D6-41E6-B120-600E9DCA2376}.Release|Any CPU.Build.0 = Release|Any CPU
		{6A520729-80E8-4611-9A70-502F53C54AFC}.Debug|Any CPU.ActiveCfg = Debug|Any CPU
		{6A520729-80E8-4611-9A70-502F53C54AFC}.Debug|Any CPU.Build.0 = Debug|Any CPU
		{6A520729-80E8-4611-9A70-502F53C54AFC}.Release|Any CPU.ActiveCfg = Release|Any CPU
		{6A520729-80E8-4611-9A70-502F53C54AFC}.Release|Any CPU.Build.0 = Release|Any CPU
		{58678303-696D-44C0-9AC4-D4AB52DFB103}.Debug|Any CPU.ActiveCfg = Debug|Any CPU
		{58678303-696D-44C0-9AC4-D4AB52DFB103}.Debug|Any CPU.Build.0 = Debug|Any CPU
		{58678303-696D-44C0-9AC4-D4AB52DFB103}.Release|Any CPU.ActiveCfg = Release|Any CPU
		{58678303-696D-44C0-9AC4-D4AB52DFB103}.Release|Any CPU.Build.0 = Release|Any CPU
		{4BEF2543-2818-4AE2-90BC-88DCBB9AE88B}.Debug|Any CPU.ActiveCfg = Debug|Any CPU
		{4BEF2543-2818-4AE2-90BC-88DCBB9AE88B}.Debug|Any CPU.Build.0 = Debug|Any CPU
		{4BEF2543-2818-4AE2-90BC-88DCBB9AE88B}.Release|Any CPU.ActiveCfg = Release|Any CPU
		{4BEF2543-2818-4AE2-90BC-88DCBB9AE88B}.Release|Any CPU.Build.0 = Release|Any CPU
		{9E6EEF84-0FCC-46C8-808E-8793C04A4136}.Debug|Any CPU.ActiveCfg = Debug|Any CPU
		{9E6EEF84-0FCC-46C8-808E-8793C04A4136}.Debug|Any CPU.Build.0 = Debug|Any CPU
		{9E6EEF84-0FCC-46C8-808E-8793C04A4136}.Release|Any CPU.ActiveCfg = Release|Any CPU
		{9E6EEF84-0FCC-46C8-808E-8793C04A4136}.Release|Any CPU.Build.0 = Release|Any CPU
		{1C7BEAC6-F9DE-4BB8-886B-4295916A9136}.Debug|Any CPU.ActiveCfg = Debug|Any CPU
		{1C7BEAC6-F9DE-4BB8-886B-4295916A9136}.Debug|Any CPU.Build.0 = Debug|Any CPU
		{1C7BEAC6-F9DE-4BB8-886B-4295916A9136}.Release|Any CPU.ActiveCfg = Release|Any CPU
		{1C7BEAC6-F9DE-4BB8-886B-4295916A9136}.Release|Any CPU.Build.0 = Release|Any CPU
	EndGlobalSection
	GlobalSection(SolutionProperties) = preSolution
		HideSolutionNode = FALSE
	EndGlobalSection
	GlobalSection(ExtensibilityGlobals) = postSolution
		SolutionGuid = {29BE4834-672F-4455-8EE6-3DA0EB5433FA}
	EndGlobalSection
EndGlobal
